PODS:
  - FBSDKCoreKit (5.0.0):
    - FBSDKCoreKit/Basics (= 5.0.0)
    - FBSDKCoreKit/Core (= 5.0.0)
  - FBSDKCoreKit/Basics (5.0.0)
  - FBSDKCoreKit/Core (5.0.0):
    - FBSDKCoreKit/Basics
  - FBSDKLoginKit (5.0.0):
    - FBSDKCoreKit (= 5.0.0)
  - SSFacebookLogin (5.0.7):
    - FBSDKCoreKit
    - FBSDKLoginKit

DEPENDENCIES:
  - SSFacebookLogin (from `/Users/Ketan.Chopda/Desktop/SimformWork/SSFacebookLogin/`)

SPEC REPOS:
  https://github.com/cocoapods/specs.git:
    - FBSDKCoreKit
    - FBSDKLoginKit

EXTERNAL SOURCES:
  SSFacebookLogin:
    :path: "/Users/Ketan.Chopda/Desktop/SimformWork/SSFacebookLogin/"

SPEC CHECKSUMS:
  FBSDKCoreKit: ba361d4a9d4dc29ff218822b849b22d4f869c7bb
  FBSDKLoginKit: c6d0dc187bd076e370dffa10f7fc8a3562a6892c
  SSFacebookLogin: e14b261f5a9b69fddce3c501586015c177723dcd

PODFILE CHECKSUM: add3e3ee30af541cc18c966b10a7c6e9bcc48b88

COCOAPODS: 1.6.1
